
Microsoft Visual Studio Solution File, Format Version 12.00
Project("{2150E333-8FDC-42A3-9474-1A3956D46DE8}") = "src", "src", "{0425F691-E39E-4558-BCCE-3393439ECCF3}"
EndProject
Project("{2150E333-8FDC-42A3-9474-1A3956D46DE8}") = "solution-items", "solution-items", "{DF9B9419-925A-49BF-A7A2-6AB7E223DE5D}"
	ProjectSection(SolutionItems) = preProject
		.editorconfig = .editorconfig
		.gitattributes = .gitattributes
		.gitignore = .gitignore
	EndProjectSection
EndProject
Project("{2150E333-8FDC-42A3-9474-1A3956D46DE8}") = "tests", "tests", "{B3D86461-7805-4862-90A9-6472BD00AEAA}"
EndProject
Project("{FAE04EC0-301F-11D3-BF4B-00C04F79EFBC}") = "DataStructures", "src\DataStructures\DataStructures.csproj", "{96ECD8B6-192E-4158-B4FE-646A34D6FF46}"
EndProject
Global
	GlobalSection(SolutionConfigurationPlatforms) = preSolution
		Debug|Any CPU = Debug|Any CPU
		Release|Any CPU = Release|Any CPU
	EndGlobalSection
	GlobalSection(NestedProjects) = preSolution
		{96ECD8B6-192E-4158-B4FE-646A34D6FF46} = {0425F691-E39E-4558-BCCE-3393439ECCF3}
	EndGlobalSection
	GlobalSection(ProjectConfigurationPlatforms) = postSolution
		{96ECD8B6-192E-4158-B4FE-646A34D6FF46}.Debug|Any CPU.ActiveCfg = Debug|Any CPU
		{96ECD8B6-192E-4158-B4FE-646A34D6FF46}.Debug|Any CPU.Build.0 = Debug|Any CPU
		{96ECD8B6-192E-4158-B4FE-646A34D6FF46}.Release|Any CPU.ActiveCfg = Release|Any CPU
		{96ECD8B6-192E-4158-B4FE-646A34D6FF46}.Release|Any CPU.Build.0 = Release|Any CPU
	EndGlobalSection
EndGlobal
